
Microsoft Visual Studio Solution File, Format Version 12.00
# Visual Studio Version 17
VisualStudioVersion = 17.8.34330.188
MinimumVisualStudioVersion = 10.0.40219.1
Project("{FAE04EC0-301F-11D3-BF4B-00C04F79EFBC}") = "ProjectDBMS", "ProjectDBMS\ProjectDBMS.csproj", "{C50600D3-206E-4CFA-9BD2-5DC0B121CD89}"
EndProject
Global
	GlobalSection(SolutionConfigurationPlatforms) = preSolution
		Debug|Any CPU = Debug|Any CPU
		Release|Any CPU = Release|Any CPU
	EndGlobalSection
	GlobalSection(ProjectConfigurationPlatforms) = postSolution
		{C50600D3-206E-4CFA-9BD2-5DC0B121CD89}.Debug|Any CPU.ActiveCfg = Debug|Any CPU
		{C50600D3-206E-4CFA-9BD2-5DC0B121CD89}.Debug|Any CPU.Build.0 = Debug|Any CPU
		{C50600D3-206E-4CFA-9BD2-5DC0B121CD89}.Release|Any CPU.ActiveCfg = Release|Any CPU
		{C50600D3-206E-4CFA-9BD2-5DC0B121CD89}.Release|Any CPU.Build.0 = Release|Any CPU
	EndGlobalSection
	GlobalSection(SolutionProperties) = preSolution
		HideSolutionNode = FALSE
	EndGlobalSection
	GlobalSection(ExtensibilityGlobals) = postSolution
		SolutionGuid = {856D2BDF-A0F1-4BAD-A34D-30EA998A3907}
	EndGlobalSection
EndGlobal
